
Microsoft Visual Studio Solution File, Format Version 12.00
# Visual Studio Version 17
VisualStudioVersion = 17.0.32126.317
MinimumVisualStudioVersion = 10.0.40219.1
Project("{FAE04EC0-301F-11D3-BF4B-00C04F79EFBC}") = "16032022", "16032022\16032022.csproj", "{2637C8A3-F3EA-4913-8011-9E44CE6DEF79}"
EndProject
Global
	GlobalSection(SolutionConfigurationPlatforms) = preSolution
		Debug|Any CPU = Debug|Any CPU
		Release|Any CPU = Release|Any CPU
	EndGlobalSection
	GlobalSection(ProjectConfigurationPlatforms) = postSolution
		{2637C8A3-F3EA-4913-8011-9E44CE6DEF79}.Debug|Any CPU.ActiveCfg = Debug|Any CPU
		{2637C8A3-F3EA-4913-8011-9E44CE6DEF79}.Debug|Any CPU.Build.0 = Debug|Any CPU
		{2637C8A3-F3EA-4913-8011-9E44CE6DEF79}.Release|Any CPU.ActiveCfg = Release|Any CPU
		{2637C8A3-F3EA-4913-8011-9E44CE6DEF79}.Release|Any CPU.Build.0 = Release|Any CPU
	EndGlobalSection
	GlobalSection(SolutionProperties) = preSolution
		HideSolutionNode = FALSE
	EndGlobalSection
	GlobalSection(ExtensibilityGlobals) = postSolution
		SolutionGuid = {4613B758-2C65-4B82-BE1E-0EBFD0DFE948}
	EndGlobalSection
EndGlobal
